
Microsoft Visual Studio Solution File, Format Version 12.00
# Visual Studio 15
VisualStudioVersion = 15.0.27428.2015
MinimumVisualStudioVersion = 10.0.40219.1
Project("{FAE04EC0-301F-11D3-BF4B-00C04F79EFBC}") = "bloodDonor", "bloodDonor\bloodDonor.csproj", "{FF101A0D-77AF-485F-808C-7EB0A80D3145}"
EndProject
Global
	GlobalSection(SolutionConfigurationPlatforms) = preSolution
		Debug|Any CPU = Debug|Any CPU
		Release|Any CPU = Release|Any CPU
	EndGlobalSection
	GlobalSection(ProjectConfigurationPlatforms) = postSolution
		{FF101A0D-77AF-485F-808C-7EB0A80D3145}.Debug|Any CPU.ActiveCfg = Debug|Any CPU
		{FF101A0D-77AF-485F-808C-7EB0A80D3145}.Debug|Any CPU.Build.0 = Debug|Any CPU
		{FF101A0D-77AF-485F-808C-7EB0A80D3145}.Release|Any CPU.ActiveCfg = Release|Any CPU
		{FF101A0D-77AF-485F-808C-7EB0A80D3145}.Release|Any CPU.Build.0 = Release|Any CPU
	EndGlobalSection
	GlobalSection(SolutionProperties) = preSolution
		HideSolutionNode = FALSE
	EndGlobalSection
	GlobalSection(ExtensibilityGlobals) = postSolution
		SolutionGuid = {6F9E0C34-53F1-445F-8E74-247621DE5426}
	EndGlobalSection
EndGlobal
